
Microsoft Visual Studio Solution File, Format Version 12.00
# Visual Studio 2012
Project("{FAE04EC0-301F-11D3-BF4B-00C04F79EFBC}") = "BMI Calculator", "BMI Calculator\BMI Calculator.csproj", "{285403BB-B7D6-49A6-9C17-7D1A5E5F7BBF}"
EndProject
Global
	GlobalSection(SolutionConfigurationPlatforms) = preSolution
		Debug|Any CPU = Debug|Any CPU
		Release|Any CPU = Release|Any CPU
	EndGlobalSection
	GlobalSection(ProjectConfigurationPlatforms) = postSolution
		{285403BB-B7D6-49A6-9C17-7D1A5E5F7BBF}.Debug|Any CPU.ActiveCfg = Debug|Any CPU
		{285403BB-B7D6-49A6-9C17-7D1A5E5F7BBF}.Debug|Any CPU.Build.0 = Debug|Any CPU
		{285403BB-B7D6-49A6-9C17-7D1A5E5F7BBF}.Release|Any CPU.ActiveCfg = Release|Any CPU
		{285403BB-B7D6-49A6-9C17-7D1A5E5F7BBF}.Release|Any CPU.Build.0 = Release|Any CPU
	EndGlobalSection
	GlobalSection(SolutionProperties) = preSolution
		HideSolutionNode = FALSE
	EndGlobalSection
EndGlobal
